// !$*UTF8*$!
{
	archiveVersion = 1;
	classes = {
	};
	objectVersion = 51;
	objects = {

/* Begin PBXBuildFile section */
		6304804526343B5B00B1C857 /* AppDelegate.swift in Sources */ = {isa = PBXBuildFile; fileRef = 6304804426343B5B00B1C857 /* AppDelegate.swift */; };
		6304804726343B5B00B1C857 /* SceneDelegate.swift in Sources */ = {isa = PBXBuildFile; fileRef = 6304804626343B5B00B1C857 /* SceneDelegate.swift */; };
		6304804C26343B5B00B1C857 /* Main.storyboard in Resources */ = {isa = PBXBuildFile; fileRef = 6304804A26343B5B00B1C857 /* Main.storyboard */; };
		6304804E26343B5D00B1C857 /* Assets.xcassets in Resources */ = {isa = PBXBuildFile; fileRef = 6304804D26343B5D00B1C857 /* Assets.xcassets */; };
		6304805126343B5D00B1C857 /* LaunchScreen.storyboard in Resources */ = {isa = PBXBuildFile; fileRef = 6304804F26343B5D00B1C857 /* LaunchScreen.storyboard */; };
		63048065263440C800B1C857 /* APIKey.swift in Sources */ = {isa = PBXBuildFile; fileRef = 63048064263440C800B1C857 /* APIKey.swift */; };
		6304806E263446A800B1C857 /* Keys.plist in Resources */ = {isa = PBXBuildFile; fileRef = 6304806D263446A800B1C857 /* Keys.plist */; };
		63048073263447B500B1C857 /* NewsTableViewController.swift in Sources */ = {isa = PBXBuildFile; fileRef = 63048072263447B500B1C857 /* NewsTableViewController.swift */; };
		63F7A63C2639AB0900545EDA /* Article.swift in Sources */ = {isa = PBXBuildFile; fileRef = 63F7A63B2639AB0900545EDA /* Article.swift */; };
		63F7A6412639ADA400545EDA /* ArticleTableViewCell.swift in Sources */ = {isa = PBXBuildFile; fileRef = 63F7A6402639ADA400545EDA /* ArticleTableViewCell.swift */; };
		63F7A6462639B0C100545EDA /* URLRequest+Extensions.swift in Sources */ = {isa = PBXBuildFile; fileRef = 63F7A6452639B0C100545EDA /* URLRequest+Extensions.swift */; };
		A4DAFD7F506D72B280174ACB /* Pods_News_App.framework in Frameworks */ = {isa = PBXBuildFile; fileRef = 35FBC0140E661212D61ACFF5 /* Pods_News_App.framework */; };
/* End PBXBuildFile section */

/* Begin PBXFileReference section */
		35FBC0140E661212D61ACFF5 /* Pods_News_App.framework */ = {isa = PBXFileReference; explicitFileType = wrapper.framework; includeInIndex = 0; path = Pods_News_App.framework; sourceTree = BUILT_PRODUCTS_DIR; };
		6304804126343B5B00B1C857 /* News App.app */ = {isa = PBXFileReference; explicitFileType = wrapper.application; includeInIndex = 0; path = "News App.app"; sourceTree = BUILT_PRODUCTS_DIR; };
		6304804426343B5B00B1C857 /* AppDelegate.swift */ = {isa = PBXFileReference; lastKnownFileType = sourcecode.swift; path = AppDelegate.swift; sourceTree = "<group>"; };
		6304804626343B5B00B1C857 /* SceneDelegate.swift */ = {isa = PBXFileReference; lastKnownFileType = sourcecode.swift; path = SceneDelegate.swift; sourceTree = "<group>"; };
		6304804B26343B5B00B1C857 /* Base */ = {isa = PBXFileReference; lastKnownFileType = file.storyboard; name = Base; path = Base.lproj/Main.storyboard; sourceTree = "<group>"; };
		6304804D26343B5D00B1C857 /* Assets.xcassets */ = {isa = PBXFileReference; lastKnownFileType = folder.assetcatalog; path = Assets.xcassets; sourceTree = "<group>"; };
		6304805026343B5D00B1C857 /* Base */ = {isa = PBXFileReference; lastKnownFileType = file.storyboard; name = Base; path = Base.lproj/LaunchScreen.storyboard; sourceTree = "<group>"; };
		6304805226343B5D00B1C857 /* Info.plist */ = {isa = PBXFileReference; lastKnownFileType = text.plist.xml; path = Info.plist; sourceTree = "<group>"; };
		63048064263440C800B1C857 /* APIKey.swift */ = {isa = PBXFileReference; lastKnownFileType = sourcecode.swift; path = APIKey.swift; sourceTree = "<group>"; };
		6304806D263446A800B1C857 /* Keys.plist */ = {isa = PBXFileReference; lastKnownFileType = text.plist.xml; path = Keys.plist; sourceTree = "<group>"; };
		63048072263447B500B1C857 /* NewsTableViewController.swift */ = {isa = PBXFileReference; lastKnownFileType = sourcecode.swift; path = NewsTableViewController.swift; sourceTree = "<group>"; };
		63F7A63B2639AB0900545EDA /* Article.swift */ = {isa = PBXFileReference; lastKnownFileType = sourcecode.swift; path = Article.swift; sourceTree = "<group>"; };
		63F7A6402639ADA400545EDA /* ArticleTableViewCell.swift */ = {isa = PBXFileReference; lastKnownFileType = sourcecode.swift; path = ArticleTableViewCell.swift; sourceTree = "<group>"; };
		63F7A6452639B0C100545EDA /* URLRequest+Extensions.swift */ = {isa = PBXFileReference; lastKnownFileType = sourcecode.swift; path = "URLRequest+Extensions.swift"; sourceTree = "<group>"; };
		71E2614BBCAF0720F39119CA /* Pods-News App.debug.xcconfig */ = {isa = PBXFileReference; includeInIndex = 1; lastKnownFileType = text.xcconfig; name = "Pods-News App.debug.xcconfig"; path = "Target Support Files/Pods-News App/Pods-News App.debug.xcconfig"; sourceTree = "<group>"; };
		877CB3DC9A2E77E56A0057A9 /* Pods-News App.release.xcconfig */ = {isa = PBXFileReference; includeInIndex = 1; lastKnownFileType = text.xcconfig; name = "Pods-News App.release.xcconfig"; path = "Target Support Files/Pods-News App/Pods-News App.release.xcconfig"; sourceTree = "<group>"; };
/* End PBXFileReference section */

/* Begin PBXFrameworksBuildPhase section */
		6304803E26343B5B00B1C857 /* Frameworks */ = {
			isa = PBXFrameworksBuildPhase;
			buildActionMask = 2147483647;
			files = (
				A4DAFD7F506D72B280174ACB /* Pods_News_App.framework in Frameworks */,
			);
			runOnlyForDeploymentPostprocessing = 0;
		};
/* End PBXFrameworksBuildPhase section */

/* Begin PBXGroup section */
		6304803826343B5B00B1C857 = {
			isa = PBXGroup;
			children = (
				6304804326343B5B00B1C857 /* News App */,
				6304804226343B5B00B1C857 /* Products */,
				F2420CD948E462BBB62A9921 /* Pods */,
				E97260885FF9CE7007D17C36 /* Frameworks */,
			);
			sourceTree = "<group>";
		};
		6304804226343B5B00B1C857 /* Products */ = {
			isa = PBXGroup;
			children = (
				6304804126343B5B00B1C857 /* News App.app */,
			);
			name = Products;
			sourceTree = "<group>";
		};
		6304804326343B5B00B1C857 /* News App */ = {
			isa = PBXGroup;
			children = (
				630480712634473F00B1C857 /* App Stuff */,
				6304804A26343B5B00B1C857 /* Main.storyboard */,
				63048072263447B500B1C857 /* NewsTableViewController.swift */,
				6304804D26343B5D00B1C857 /* Assets.xcassets */,
				6304805226343B5D00B1C857 /* Info.plist */,
				6304804F26343B5D00B1C857 /* LaunchScreen.storyboard */,
			);
			path = "News App";
			sourceTree = "<group>";
		};
		630480712634473F00B1C857 /* App Stuff */ = {
			isa = PBXGroup;
			children = (
				63F7A6442639B0A100545EDA /* Extensions */,
				63F7A63F2639AD8D00545EDA /* Cells */,
				63F7A63A2639AAF400545EDA /* Models */,
				63048064263440C800B1C857 /* APIKey.swift */,
				6304806D263446A800B1C857 /* Keys.plist */,
				6304804626343B5B00B1C857 /* SceneDelegate.swift */,
				6304804426343B5B00B1C857 /* AppDelegate.swift */,
			);
			path = "App Stuff";
			sourceTree = "<group>";
		};
		63F7A63A2639AAF400545EDA /* Models */ = {
			isa = PBXGroup;
			children = (
				63F7A63B2639AB0900545EDA /* Article.swift */,
			);
			path = Models;
			sourceTree = "<group>";
		};
		63F7A63F2639AD8D00545EDA /* Cells */ = {
			isa = PBXGroup;
			children = (
				63F7A6402639ADA400545EDA /* ArticleTableViewCell.swift */,
			);
			path = Cells;
			sourceTree = "<group>";
		};
		63F7A6442639B0A100545EDA /* Extensions */ = {
			isa = PBXGroup;
			children = (
				63F7A6452639B0C100545EDA /* URLRequest+Extensions.swift */,
			);
			path = Extensions;
			sourceTree = "<group>";
		};
		E97260885FF9CE7007D17C36 /* Frameworks */ = {
			isa = PBXGroup;
			children = (
				35FBC0140E661212D61ACFF5 /* Pods_News_App.framework */,
			);
			name = Frameworks;
			sourceTree = "<group>";
		};
		F2420CD948E462BBB62A9921 /* Pods */ = {
			isa = PBXGroup;
			children = (
				71E2614BBCAF0720F39119CA /* Pods-News App.debug.xcconfig */,
				877CB3DC9A2E77E56A0057A9 /* Pods-News App.release.xcconfig */,
			);
			path = Pods;
			sourceTree = "<group>";
		};
/* End PBXGroup section */

/* Begin PBXNativeTarget section */
		6304804026343B5B00B1C857 /* News App */ = {
			isa = PBXNativeTarget;
			buildConfigurationList = 6304805526343B5D00B1C857 /* Build configuration list for PBXNativeTarget "News App" */;
			buildPhases = (
				DB82467AF02356611A292278 /* [CP] Check Pods Manifest.lock */,
				6304803D26343B5B00B1C857 /* Sources */,
				6304803E26343B5B00B1C857 /* Frameworks */,
				6304803F26343B5B00B1C857 /* Resources */,
				EE4F7C50E34EF935B0CF886F /* [CP] Embed Pods Frameworks */,
			);
			buildRules = (
			);
			dependencies = (
			);
			name = "News App";
			productName = "News App";
			productReference = 6304804126343B5B00B1C857 /* News App.app */;
			productType = "com.apple.product-type.application";
		};
/* End PBXNativeTarget section */

/* Begin PBXProject section */
		6304803926343B5B00B1C857 /* Project object */ = {
			isa = PBXProject;
			attributes = {
				LastSwiftUpdateCheck = 1240;
				LastUpgradeCheck = 1240;
				TargetAttributes = {
					6304804026343B5B00B1C857 = {
						CreatedOnToolsVersion = 12.4;
					};
				};
			};
			buildConfigurationList = 6304803C26343B5B00B1C857 /* Build configuration list for PBXProject "News App" */;
			compatibilityVersion = "Xcode 9.3";
			developmentRegion = en;
			hasScannedForEncodings = 0;
			knownRegions = (
				en,
				Base,
			);
			mainGroup = 6304803826343B5B00B1C857;
			productRefGroup = 6304804226343B5B00B1C857 /* Products */;
			projectDirPath = "";
			projectRoot = "";
			targets = (
				6304804026343B5B00B1C857 /* News App */,
			);
		};
/* End PBXProject section */

/* Begin PBXResourcesBuildPhase section */
		6304803F26343B5B00B1C857 /* Resources */ = {
			isa = PBXResourcesBuildPhase;
			buildActionMask = 2147483647;
			files = (
				6304806E263446A800B1C857 /* Keys.plist in Resources */,
				6304805126343B5D00B1C857 /* LaunchScreen.storyboard in Resources */,
				6304804E26343B5D00B1C857 /* Assets.xcassets in Resources */,
				6304804C26343B5B00B1C857 /* Main.storyboard in Resources */,
			);
			runOnlyForDeploymentPostprocessing = 0;
		};
/* End PBXResourcesBuildPhase section */

/* Begin PBXShellScriptBuildPhase section */
		DB82467AF02356611A292278 /* [CP] Check Pods Manifest.lock */ = {
			isa = PBXShellScriptBuildPhase;
			buildActionMask = 2147483647;
			files = (
			);
			inputFileListPaths = (
			);
			inputPaths = (
				"${PODS_PODFILE_DIR_PATH}/Podfile.lock",
				"${PODS_ROOT}/Manifest.lock",
			);
			name = "[CP] Check Pods Manifest.lock";
			outputFileListPaths = (
			);
			outputPaths = (
				"$(DERIVED_FILE_DIR)/Pods-News App-checkManifestLockResult.txt",
			);
			runOnlyForDeploymentPostprocessing = 0;
			shellPath = /bin/sh;
			shellScript = "diff \"${PODS_PODFILE_DIR_PATH}/Podfile.lock\" \"${PODS_ROOT}/Manifest.lock\" > /dev/null\nif [ $? != 0 ] ; then\n    # print error to STDERR\n    echo \"error: The sandbox is not in sync with the Podfile.lock. Run 'pod install' or update your CocoaPods installation.\" >&2\n    exit 1\nfi\n# This output is used by Xcode 'outputs' to avoid re-running this script phase.\necho \"SUCCESS\" > \"${SCRIPT_OUTPUT_FILE_0}\"\n";
			showEnvVarsInLog = 0;
		};
		EE4F7C50E34EF935B0CF886F /* [CP] Embed Pods Frameworks */ = {
			isa = PBXShellScriptBuildPhase;
			buildActionMask = 2147483647;
			files = (
			);
			inputFileListPaths = (
				"${PODS_ROOT}/Target Support Files/Pods-News App/Pods-News App-frameworks-${CONFIGURATION}-input-files.xcfilelist",
			);
			name = "[CP] Embed Pods Frameworks";
			outputFileListPaths = (
				"${PODS_ROOT}/Target Support Files/Pods-News App/Pods-News App-frameworks-${CONFIGURATION}-output-files.xcfilelist",
			);
			runOnlyForDeploymentPostprocessing = 0;
			shellPath = /bin/sh;
			shellScript = "\"${PODS_ROOT}/Target Support Files/Pods-News App/Pods-News App-frameworks.sh\"\n";
			showEnvVarsInLog = 0;
		};
/* End PBXShellScriptBuildPhase section */

/* Begin PBXSourcesBuildPhase section */
		6304803D26343B5B00B1C857 /* Sources */ = {
			isa = PBXSourcesBuildPhase;
			buildActionMask = 2147483647;
			files = (
				63048073263447B500B1C857 /* NewsTableViewController.swift in Sources */,
				6304804526343B5B00B1C857 /* AppDelegate.swift in Sources */,
				63048065263440C800B1C857 /* APIKey.swift in Sources */,
				6304804726343B5B00B1C857 /* SceneDelegate.swift in Sources */,
				63F7A6462639B0C100545EDA /* URLRequest+Extensions.swift in Sources */,
				63F7A6412639ADA400545EDA /* ArticleTableViewCell.swift in Sources */,
				63F7A63C2639AB0900545EDA /* Article.swift in Sources */,
			);
			runOnlyForDeploymentPostprocessing = 0;
		};
/* End PBXSourcesBuildPhase section */

/* Begin PBXVariantGroup section */
		6304804A26343B5B00B1C857 /* Main.storyboard */ = {
			isa = PBXVariantGroup;
			children = (
				6304804B26343B5B00B1C857 /* Base */,
			);
			name = Main.storyboard;
			sourceTree = "<group>";
		};
		6304804F26343B5D00B1C857 /* LaunchScreen.storyboard */ = {
			isa = PBXVariantGroup;
			children = (
				6304805026343B5D00B1C857 /* Base */,
			);
			name = LaunchScreen.storyboard;
			sourceTree = "<group>";
		};
/* End PBXVariantGroup section */

/* Begin XCBuildConfiguration section */
		6304805326343B5D00B1C857 /* Debug */ = {
			isa = XCBuildConfiguration;
			buildSettings = {
				ALWAYS_SEARCH_USER_PATHS = NO;
				CLANG_ANALYZER_NONNULL = YES;
				CLANG_ANALYZER_NUMBER_OBJECT_CONVERSION = YES_AGGRESSIVE;
				CLANG_CXX_LANGUAGE_STANDARD = "gnu++14";
				CLANG_CXX_LIBRARY = "libc++";
				CLANG_ENABLE_MODULES = YES;
				CLANG_ENABLE_OBJC_ARC = YES;
				CLANG_ENABLE_OBJC_WEAK = YES;
				CLANG_WARN_BLOCK_CAPTURE_AUTORELEASING = YES;
				CLANG_WARN_BOOL_CONVERSION = YES;
				CLANG_WARN_COMMA = YES;
				CLANG_WARN_CONSTANT_CONVERSION = YES;
				CLANG_WARN_DEPRECATED_OBJC_IMPLEMENTATIONS = YES;
				CLANG_WARN_DIRECT_OBJC_ISA_USAGE = YES_ERROR;
				CLANG_WARN_DOCUMENTATION_COMMENTS = YES;
				CLANG_WARN_EMPTY_BODY = YES;
				CLANG_WARN_ENUM_CONVERSION = YES;
				CLANG_WARN_INFINITE_RECURSION = YES;
				CLANG_WARN_INT_CONVERSION = YES;
				CLANG_WARN_NON_LITERAL_NULL_CONVERSION = YES;
				CLANG_WARN_OBJC_IMPLICIT_RETAIN_SELF = YES;
				CLANG_WARN_OBJC_LITERAL_CONVERSION = YES;
				CLANG_WARN_OBJC_ROOT_CLASS = YES_ERROR;
				CLANG_WARN_QUOTED_INCLUDE_IN_FRAMEWORK_HEADER = YES;
				CLANG_WARN_RANGE_LOOP_ANALYSIS = YES;
				CLANG_WARN_STRICT_PROTOTYPES = YES;
				CLANG_WARN_SUSPICIOUS_MOVE = YES;
				CLANG_WARN_UNGUARDED_AVAILABILITY = YES_AGGRESSIVE;
				CLANG_WARN_UNREACHABLE_CODE = YES;
				CLANG_WARN__DUPLICATE_METHOD_MATCH = YES;
				COPY_PHASE_STRIP = NO;
				DEBUG_INFORMATION_FORMAT = dwarf;
				ENABLE_STRICT_OBJC_MSGSEND = YES;
				ENABLE_TESTABILITY = YES;
				GCC_C_LANGUAGE_STANDARD = gnu11;
				GCC_DYNAMIC_NO_PIC = NO;
				GCC_NO_COMMON_BLOCKS = YES;
				GCC_OPTIMIZATION_LEVEL = 0;
				GCC_PREPROCESSOR_DEFINITIONS = (
					"DEBUG=1",
					"$(inherited)",
				);
				GCC_WARN_64_TO_32_BIT_CONVERSION = YES;
				GCC_WARN_ABOUT_RETURN_TYPE = YES_ERROR;
				GCC_WARN_UNDECLARED_SELECTOR = YES;
				GCC_WARN_UNINITIALIZED_AUTOS = YES_AGGRESSIVE;
				GCC_WARN_UNUSED_FUNCTION = YES;
				GCC_WARN_UNUSED_VARIABLE = YES;
				IPHONEOS_DEPLOYMENT_TARGET = 14.4;
				MTL_ENABLE_DEBUG_INFO = INCLUDE_SOURCE;
				MTL_FAST_MATH = YES;
				ONLY_ACTIVE_ARCH = YES;
				SDKROOT = iphoneos;
				SWIFT_ACTIVE_COMPILATION_CONDITIONS = DEBUG;
				SWIFT_OPTIMIZATION_LEVEL = "-Onone";
			};
			name = Debug;
		};
		6304805426343B5D00B1C857 /* Release */ = {
			isa = XCBuildConfiguration;
			buildSettings = {
				ALWAYS_SEARCH_USER_PATHS = NO;
				CLANG_ANALYZER_NONNULL = YES;
				CLANG_ANALYZER_NUMBER_OBJECT_CONVERSION = YES_AGGRESSIVE;
				CLANG_CXX_LANGUAGE_STANDARD = "gnu++14";
				CLANG_CXX_LIBRARY = "libc++";
				CLANG_ENABLE_MODULES = YES;
				CLANG_ENABLE_OBJC_ARC = YES;
				CLANG_ENABLE_OBJC_WEAK = YES;
				CLANG_WARN_BLOCK_CAPTURE_AUTORELEASING = YES;
				CLANG_WARN_BOOL_CONVERSION = YES;
				CLANG_WARN_COMMA = YES;
				CLANG_WARN_CONSTANT_CONVERSION = YES;
				CLANG_WARN_DEPRECATED_OBJC_IMPLEMENTATIONS = YES;
				CLANG_WARN_DIRECT_OBJC_ISA_USAGE = YES_ERROR;
				CLANG_WARN_DOCUMENTATION_COMMENTS = YES;
				CLANG_WARN_EMPTY_BODY = YES;
				CLANG_WARN_ENUM_CONVERSION = YES;
				CLANG_WARN_INFINITE_RECURSION = YES;
				CLANG_WARN_INT_CONVERSION = YES;
				CLANG_WARN_NON_LITERAL_NULL_CONVERSION = YES;
				CLANG_WARN_OBJC_IMPLICIT_RETAIN_SELF = YES;
				CLANG_WARN_OBJC_LITERAL_CONVERSION = YES;
				CLANG_WARN_OBJC_ROOT_CLASS = YES_ERROR;
				CLANG_WARN_QUOTED_INCLUDE_IN_FRAMEWORK_HEADER = YES;
				CLANG_WARN_RANGE_LOOP_ANALYSIS = YES;
				CLANG_WARN_STRICT_PROTOTYPES = YES;
				CLANG_WARN_SUSPICIOUS_MOVE = YES;
				CLANG_WARN_UNGUARDED_AVAILABILITY = YES_AGGRESSIVE;
				CLANG_WARN_UNREACHABLE_CODE = YES;
				CLANG_WARN__DUPLICATE_METHOD_MATCH = YES;
				COPY_PHASE_STRIP = NO;
				DEBUG_INFORMATION_FORMAT = "dwarf-with-dsym";
				ENABLE_NS_ASSERTIONS = NO;
				ENABLE_STRICT_OBJC_MSGSEND = YES;
				GCC_C_LANGUAGE_STANDARD = gnu11;
				GCC_NO_COMMON_BLOCKS = YES;
				GCC_WARN_64_TO_32_BIT_CONVERSION = YES;
				GCC_WARN_ABOUT_RETURN_TYPE = YES_ERROR;
				GCC_WARN_UNDECLARED_SELECTOR = YES;
				GCC_WARN_UNINITIALIZED_AUTOS = YES_AGGRESSIVE;
				GCC_WARN_UNUSED_FUNCTION = YES;
				GCC_WARN_UNUSED_VARIABLE = YES;
				IPHONEOS_DEPLOYMENT_TARGET = 14.4;
				MTL_ENABLE_DEBUG_INFO = NO;
				MTL_FAST_MATH = YES;
				SDKROOT = iphoneos;
				SWIFT_COMPILATION_MODE = wholemodule;
				SWIFT_OPTIMIZATION_LEVEL = "-O";
				VALIDATE_PRODUCT = YES;
			};
			name = Release;
		};
		6304805626343B5D00B1C857 /* Debug */ = {
			isa = XCBuildConfiguration;
			baseConfigurationReference = 71E2614BBCAF0720F39119CA /* Pods-News App.debug.xcconfig */;
			buildSettings = {
				ASSETCATALOG_COMPILER_APPICON_NAME = AppIcon;
				ASSETCATALOG_COMPILER_GLOBAL_ACCENT_COLOR_NAME = AccentColor;
				CODE_SIGN_STYLE = Automatic;
				DEVELOPMENT_TEAM = HFLH8F25K4;
				INFOPLIST_FILE = "News App/Info.plist";
				LD_RUNPATH_SEARCH_PATHS = (
					"$(inherited)",
					"@executable_path/Frameworks",
				);
				PRODUCT_BUNDLE_IDENTIFIER = "com.Adriaan.News-App";
				PRODUCT_NAME = "$(TARGET_NAME)";
				SWIFT_VERSION = 5.0;
				TARGETED_DEVICE_FAMILY = "1,2";
			};
			name = Debug;
		};
		6304805726343B5D00B1C857 /* Release */ = {
			isa = XCBuildConfiguration;
			baseConfigurationReference = 877CB3DC9A2E77E56A0057A9 /* Pods-News App.release.xcconfig */;
			buildSettings = {
				ASSETCATALOG_COMPILER_APPICON_NAME = AppIcon;
				ASSETCATALOG_COMPILER_GLOBAL_ACCENT_COLOR_NAME = AccentColor;
				CODE_SIGN_STYLE = Automatic;
				DEVELOPMENT_TEAM = HFLH8F25K4;
				INFOPLIST_FILE = "News App/Info.plist";
				LD_RUNPATH_SEARCH_PATHS = (
					"$(inherited)",
					"@executable_path/Frameworks",
				);
				PRODUCT_BUNDLE_IDENTIFIER = "com.Adriaan.News-App";
				PRODUCT_NAME = "$(TARGET_NAME)";
				SWIFT_VERSION = 5.0;
				TARGETED_DEVICE_FAMILY = "1,2";
			};
			name = Release;
		};
/* End XCBuildConfiguration section */

/* Begin XCConfigurationList section */
		6304803C26343B5B00B1C857 /* Build configuration list for PBXProject "News App" */ = {
			isa = XCConfigurationList;
			buildConfigurations = (
				6304805326343B5D00B1C857 /* Debug */,
				6304805426343B5D00B1C857 /* Release */,
			);
			defaultConfigurationIsVisible = 0;
			defaultConfigurationName = Release;
		};
		6304805526343B5D00B1C857 /* Build configuration list for PBXNativeTarget "News App" */ = {
			isa = XCConfigurationList;
			buildConfigurations = (
				6304805626343B5D00B1C857 /* Debug */,
				6304805726343B5D00B1C857 /* Release */,
			);
			defaultConfigurationIsVisible = 0;
			defaultConfigurationName = Release;
		};
/* End XCConfigurationList section */
	};
	rootObject = 6304803926343B5B00B1C857 /* Project object */;
}
